
Microsoft Visual Studio Solution File, Format Version 12.00
# Visual Studio Version 17
VisualStudioVersion = 17.7.34031.279
MinimumVisualStudioVersion = 10.0.40219.1
Project("{FAE04EC0-301F-11D3-BF4B-00C04F79EFBC}") = "TranslatorForComputer", "TranslatorForComputer.csproj", "{D5064179-48AE-4D39-877D-079D2C4EA841}"
EndProject
Global
	GlobalSection(SolutionConfigurationPlatforms) = preSolution
		Debug|Any CPU = Debug|Any CPU
		Release|Any CPU = Release|Any CPU
	EndGlobalSection
	GlobalSection(ProjectConfigurationPlatforms) = postSolution
		{D5064179-48AE-4D39-877D-079D2C4EA841}.Debug|Any CPU.ActiveCfg = Debug|Any CPU
		{D5064179-48AE-4D39-877D-079D2C4EA841}.Debug|Any CPU.Build.0 = Debug|Any CPU
		{D5064179-48AE-4D39-877D-079D2C4EA841}.Release|Any CPU.ActiveCfg = Release|Any CPU
		{D5064179-48AE-4D39-877D-079D2C4EA841}.Release|Any CPU.Build.0 = Release|Any CPU
	EndGlobalSection
	GlobalSection(SolutionProperties) = preSolution
		HideSolutionNode = FALSE
	EndGlobalSection
	GlobalSection(ExtensibilityGlobals) = postSolution
		SolutionGuid = {E79DD028-8BC1-49D6-9F4D-1FD94365EF8B}
	EndGlobalSection
EndGlobal
